
Microsoft Visual Studio Solution File, Format Version 10.00
# Visual Studio 2008
Project("{FAE04EC0-301F-11D3-BF4B-00C04F79EFBC}") = "APPTier", "APPTier\APPTier.csproj", "{97F80492-6B36-40A2-825C-43DB30B340E5}"
EndProject
Project("{FAE04EC0-301F-11D3-BF4B-00C04F79EFBC}") = "BUSLayer", "BUSLayer\BUSLayer.csproj", "{EC2E2C6F-332D-48FA-B34B-41E2AEB59ED7}"
EndProject
Project("{FAE04EC0-301F-11D3-BF4B-00C04F79EFBC}") = "DataLayer", "DataLayer\DataLayer.csproj", "{3FA25C86-54DF-44A2-8F98-7632729ECA24}"
EndProject
Project("{FAE04EC0-301F-11D3-BF4B-00C04F79EFBC}") = "ModelLayouter", "ModelLayouter\ModelLayouter.csproj", "{49C33E90-0034-41AF-B859-8E519CFCABE8}"
EndProject
Project("{FAE04EC0-301F-11D3-BF4B-00C04F79EFBC}") = "ModelReader", "ModelReader\ModelReader.csproj", "{BAEE4FC1-EAEC-4B1B-A5E2-49430C21CDB5}"
EndProject
Project("{FAE04EC0-301F-11D3-BF4B-00C04F79EFBC}") = "QuanLyThiWorkflow", "QuanLyThiWorkflow\QuanLyThiWorkflow.csproj", "{59540064-74E8-4EB6-B16D-5D77B19E8E78}"
EndProject
Project("{FAE04EC0-301F-11D3-BF4B-00C04F79EFBC}") = "UnitTest", "UnitTest\UnitTest.csproj", "{C0512C53-2C01-49A9-8DB2-35EE0EC2CE1D}"
EndProject
Global
	GlobalSection(SolutionConfigurationPlatforms) = preSolution
		Debug|Any CPU = Debug|Any CPU
		Release|Any CPU = Release|Any CPU
	EndGlobalSection
	GlobalSection(ProjectConfigurationPlatforms) = postSolution
		{97F80492-6B36-40A2-825C-43DB30B340E5}.Debug|Any CPU.ActiveCfg = Debug|Any CPU
		{97F80492-6B36-40A2-825C-43DB30B340E5}.Debug|Any CPU.Build.0 = Debug|Any CPU
		{97F80492-6B36-40A2-825C-43DB30B340E5}.Release|Any CPU.ActiveCfg = Release|Any CPU
		{97F80492-6B36-40A2-825C-43DB30B340E5}.Release|Any CPU.Build.0 = Release|Any CPU
		{EC2E2C6F-332D-48FA-B34B-41E2AEB59ED7}.Debug|Any CPU.ActiveCfg = Debug|Any CPU
		{EC2E2C6F-332D-48FA-B34B-41E2AEB59ED7}.Debug|Any CPU.Build.0 = Debug|Any CPU
		{EC2E2C6F-332D-48FA-B34B-41E2AEB59ED7}.Release|Any CPU.ActiveCfg = Release|Any CPU
		{EC2E2C6F-332D-48FA-B34B-41E2AEB59ED7}.Release|Any CPU.Build.0 = Release|Any CPU
		{3FA25C86-54DF-44A2-8F98-7632729ECA24}.Debug|Any CPU.ActiveCfg = Debug|Any CPU
		{3FA25C86-54DF-44A2-8F98-7632729ECA24}.Debug|Any CPU.Build.0 = Debug|Any CPU
		{3FA25C86-54DF-44A2-8F98-7632729ECA24}.Release|Any CPU.ActiveCfg = Release|Any CPU
		{3FA25C86-54DF-44A2-8F98-7632729ECA24}.Release|Any CPU.Build.0 = Release|Any CPU
		{49C33E90-0034-41AF-B859-8E519CFCABE8}.Debug|Any CPU.ActiveCfg = Debug|Any CPU
		{49C33E90-0034-41AF-B859-8E519CFCABE8}.Debug|Any CPU.Build.0 = Debug|Any CPU
		{49C33E90-0034-41AF-B859-8E519CFCABE8}.Release|Any CPU.ActiveCfg = Release|Any CPU
		{49C33E90-0034-41AF-B859-8E519CFCABE8}.Release|Any CPU.Build.0 = Release|Any CPU
		{BAEE4FC1-EAEC-4B1B-A5E2-49430C21CDB5}.Debug|Any CPU.ActiveCfg = Debug|Any CPU
		{BAEE4FC1-EAEC-4B1B-A5E2-49430C21CDB5}.Debug|Any CPU.Build.0 = Debug|Any CPU
		{BAEE4FC1-EAEC-4B1B-A5E2-49430C21CDB5}.Release|Any CPU.ActiveCfg = Release|Any CPU
		{BAEE4FC1-EAEC-4B1B-A5E2-49430C21CDB5}.Release|Any CPU.Build.0 = Release|Any CPU
		{59540064-74E8-4EB6-B16D-5D77B19E8E78}.Debug|Any CPU.ActiveCfg = Debug|Any CPU
		{59540064-74E8-4EB6-B16D-5D77B19E8E78}.Debug|Any CPU.Build.0 = Debug|Any CPU
		{59540064-74E8-4EB6-B16D-5D77B19E8E78}.Release|Any CPU.ActiveCfg = Release|Any CPU
		{59540064-74E8-4EB6-B16D-5D77B19E8E78}.Release|Any CPU.Build.0 = Release|Any CPU
		{C0512C53-2C01-49A9-8DB2-35EE0EC2CE1D}.Debug|Any CPU.ActiveCfg = Debug|Any CPU
		{C0512C53-2C01-49A9-8DB2-35EE0EC2CE1D}.Debug|Any CPU.Build.0 = Debug|Any CPU
		{C0512C53-2C01-49A9-8DB2-35EE0EC2CE1D}.Release|Any CPU.ActiveCfg = Release|Any CPU
		{C0512C53-2C01-49A9-8DB2-35EE0EC2CE1D}.Release|Any CPU.Build.0 = Release|Any CPU
	EndGlobalSection
	GlobalSection(SolutionProperties) = preSolution
		HideSolutionNode = FALSE
	EndGlobalSection
EndGlobal
